
Microsoft Visual Studio Solution File, Format Version 12.00
# Visual Studio 15
VisualStudioVersion = 15.0.27130.2010
MinimumVisualStudioVersion = 10.0.40219.1
Project("{FAE04EC0-301F-11D3-BF4B-00C04F79EFBC}") = "HowToGitHub", "HowToGitHub\HowToGitHub.csproj", "{CF821CEC-8D3C-4007-8362-02453E3AC468}"
EndProject
Global
	GlobalSection(SolutionConfigurationPlatforms) = preSolution
		Debug|Any CPU = Debug|Any CPU
		Release|Any CPU = Release|Any CPU
	EndGlobalSection
	GlobalSection(ProjectConfigurationPlatforms) = postSolution
		{CF821CEC-8D3C-4007-8362-02453E3AC468}.Debug|Any CPU.ActiveCfg = Debug|Any CPU
		{CF821CEC-8D3C-4007-8362-02453E3AC468}.Debug|Any CPU.Build.0 = Debug|Any CPU
		{CF821CEC-8D3C-4007-8362-02453E3AC468}.Release|Any CPU.ActiveCfg = Release|Any CPU
		{CF821CEC-8D3C-4007-8362-02453E3AC468}.Release|Any CPU.Build.0 = Release|Any CPU
	EndGlobalSection
	GlobalSection(SolutionProperties) = preSolution
		HideSolutionNode = FALSE
	EndGlobalSection
	GlobalSection(ExtensibilityGlobals) = postSolution
		SolutionGuid = {C45CA9A5-46F5-445B-A349-7F43FBFF452B}
	EndGlobalSection
EndGlobal
